// !$*UTF8*$!
{
	archiveVersion = 1;
	classes = {
	};
	objectVersion = 50;
	objects = {

/* Begin PBXBuildFile section */
		FB77019E25DAD6950047E256 /* main.swift in Sources */ = {isa = PBXBuildFile; fileRef = FB77019D25DAD6950047E256 /* main.swift */; };
		FB7701A625DAD6B80047E256 /* Function.swift in Sources */ = {isa = PBXBuildFile; fileRef = FB7701A525DAD6B80047E256 /* Function.swift */; };
		FB7701A925DAD6D90047E256 /* Enumeration.swift in Sources */ = {isa = PBXBuildFile; fileRef = FB7701A825DAD6D90047E256 /* Enumeration.swift */; };
		FB7701AD25DAD71D0047E256 /* Extension.swift in Sources */ = {isa = PBXBuildFile; fileRef = FB7701AC25DAD71D0047E256 /* Extension.swift */; };
		FB7701B625DADC410047E256 /* TempretureConverterAppApp.swift in Sources */ = {isa = PBXBuildFile; fileRef = FB7701B525DADC410047E256 /* TempretureConverterAppApp.swift */; };
		FB7701B825DADC410047E256 /* ContentView.swift in Sources */ = {isa = PBXBuildFile; fileRef = FB7701B725DADC410047E256 /* ContentView.swift */; };
		FB7701BA25DADC480047E256 /* Assets.xcassets in Resources */ = {isa = PBXBuildFile; fileRef = FB7701B925DADC480047E256 /* Assets.xcassets */; };
		FB7701BD25DADC480047E256 /* Preview Assets.xcassets in Resources */ = {isa = PBXBuildFile; fileRef = FB7701BC25DADC480047E256 /* Preview Assets.xcassets */; };
		FB7701C525DADC560047E256 /* Function.swift in Sources */ = {isa = PBXBuildFile; fileRef = FB7701A525DAD6B80047E256 /* Function.swift */; };
		FB7701C825DADC600047E256 /* Enumeration.swift in Sources */ = {isa = PBXBuildFile; fileRef = FB7701A825DAD6D90047E256 /* Enumeration.swift */; };
/* End PBXBuildFile section */

/* Begin PBXCopyFilesBuildPhase section */
		FB77019825DAD6950047E256 /* CopyFiles */ = {
			isa = PBXCopyFilesBuildPhase;
			buildActionMask = 2147483647;
			dstPath = /usr/share/man/man1/;
			dstSubfolderSpec = 0;
			files = (
			);
			runOnlyForDeploymentPostprocessing = 1;
		};
/* End PBXCopyFilesBuildPhase section */

/* Begin PBXFileReference section */
		FB77019A25DAD6950047E256 /* CoverterApp */ = {isa = PBXFileReference; explicitFileType = "compiled.mach-o.executable"; includeInIndex = 0; path = CoverterApp; sourceTree = BUILT_PRODUCTS_DIR; };
		FB77019D25DAD6950047E256 /* main.swift */ = {isa = PBXFileReference; lastKnownFileType = sourcecode.swift; path = main.swift; sourceTree = "<group>"; };
		FB7701A525DAD6B80047E256 /* Function.swift */ = {isa = PBXFileReference; lastKnownFileType = sourcecode.swift; path = Function.swift; sourceTree = "<group>"; };
		FB7701A825DAD6D90047E256 /* Enumeration.swift */ = {isa = PBXFileReference; lastKnownFileType = sourcecode.swift; path = Enumeration.swift; sourceTree = "<group>"; };
		FB7701AC25DAD71D0047E256 /* Extension.swift */ = {isa = PBXFileReference; lastKnownFileType = sourcecode.swift; path = Extension.swift; sourceTree = "<group>"; };
		FB7701B325DADC410047E256 /* TempretureConverterApp.app */ = {isa = PBXFileReference; explicitFileType = wrapper.application; includeInIndex = 0; path = TempretureConverterApp.app; sourceTree = BUILT_PRODUCTS_DIR; };
		FB7701B525DADC410047E256 /* TempretureConverterAppApp.swift */ = {isa = PBXFileReference; lastKnownFileType = sourcecode.swift; path = TempretureConverterAppApp.swift; sourceTree = "<group>"; };
		FB7701B725DADC410047E256 /* ContentView.swift */ = {isa = PBXFileReference; lastKnownFileType = sourcecode.swift; path = ContentView.swift; sourceTree = "<group>"; };
		FB7701B925DADC480047E256 /* Assets.xcassets */ = {isa = PBXFileReference; lastKnownFileType = folder.assetcatalog; path = Assets.xcassets; sourceTree = "<group>"; };
		FB7701BC25DADC480047E256 /* Preview Assets.xcassets */ = {isa = PBXFileReference; lastKnownFileType = folder.assetcatalog; path = "Preview Assets.xcassets"; sourceTree = "<group>"; };
		FB7701BE25DADC480047E256 /* Info.plist */ = {isa = PBXFileReference; lastKnownFileType = text.plist.xml; path = Info.plist; sourceTree = "<group>"; };
		FB7701BF25DADC480047E256 /* TempretureConverterApp.entitlements */ = {isa = PBXFileReference; lastKnownFileType = text.plist.entitlements; path = TempretureConverterApp.entitlements; sourceTree = "<group>"; };
/* End PBXFileReference section */

/* Begin PBXFrameworksBuildPhase section */
		FB77019725DAD6950047E256 /* Frameworks */ = {
			isa = PBXFrameworksBuildPhase;
			buildActionMask = 2147483647;
			files = (
			);
			runOnlyForDeploymentPostprocessing = 0;
		};
		FB7701B025DADC410047E256 /* Frameworks */ = {
			isa = PBXFrameworksBuildPhase;
			buildActionMask = 2147483647;
			files = (
			);
			runOnlyForDeploymentPostprocessing = 0;
		};
/* End PBXFrameworksBuildPhase section */

/* Begin PBXGroup section */
		FB77019125DAD6950047E256 = {
			isa = PBXGroup;
			children = (
				FB7701A825DAD6D90047E256 /* Enumeration.swift */,
				FB7701A525DAD6B80047E256 /* Function.swift */,
				FB7701AC25DAD71D0047E256 /* Extension.swift */,
				FB77019C25DAD6950047E256 /* CoverterApp */,
				FB7701B425DADC410047E256 /* TempretureConverterApp */,
				FB77019B25DAD6950047E256 /* Products */,
			);
			sourceTree = "<group>";
		};
		FB77019B25DAD6950047E256 /* Products */ = {
			isa = PBXGroup;
			children = (
				FB77019A25DAD6950047E256 /* CoverterApp */,
				FB7701B325DADC410047E256 /* TempretureConverterApp.app */,
			);
			name = Products;
			sourceTree = "<group>";
		};
		FB77019C25DAD6950047E256 /* CoverterApp */ = {
			isa = PBXGroup;
			children = (
				FB77019D25DAD6950047E256 /* main.swift */,
			);
			path = CoverterApp;
			sourceTree = "<group>";
		};
		FB7701B425DADC410047E256 /* TempretureConverterApp */ = {
			isa = PBXGroup;
			children = (
				FB7701B525DADC410047E256 /* TempretureConverterAppApp.swift */,
				FB7701B725DADC410047E256 /* ContentView.swift */,
				FB7701B925DADC480047E256 /* Assets.xcassets */,
				FB7701BE25DADC480047E256 /* Info.plist */,
				FB7701BF25DADC480047E256 /* TempretureConverterApp.entitlements */,
				FB7701BB25DADC480047E256 /* Preview Content */,
			);
			path = TempretureConverterApp;
			sourceTree = "<group>";
		};
		FB7701BB25DADC480047E256 /* Preview Content */ = {
			isa = PBXGroup;
			children = (
				FB7701BC25DADC480047E256 /* Preview Assets.xcassets */,
			);
			path = "Preview Content";
			sourceTree = "<group>";
		};
/* End PBXGroup section */

/* Begin PBXNativeTarget section */
		FB77019925DAD6950047E256 /* CoverterApp */ = {
			isa = PBXNativeTarget;
			buildConfigurationList = FB7701A125DAD6950047E256 /* Build configuration list for PBXNativeTarget "CoverterApp" */;
			buildPhases = (
				FB77019625DAD6950047E256 /* Sources */,
				FB77019725DAD6950047E256 /* Frameworks */,
				FB77019825DAD6950047E256 /* CopyFiles */,
			);
			buildRules = (
			);
			dependencies = (
			);
			name = CoverterApp;
			productName = CoverterApp;
			productReference = FB77019A25DAD6950047E256 /* CoverterApp */;
			productType = "com.apple.product-type.tool";
		};
		FB7701B225DADC410047E256 /* TempretureConverterApp */ = {
			isa = PBXNativeTarget;
			buildConfigurationList = FB7701C025DADC480047E256 /* Build configuration list for PBXNativeTarget "TempretureConverterApp" */;
			buildPhases = (
				FB7701AF25DADC410047E256 /* Sources */,
				FB7701B025DADC410047E256 /* Frameworks */,
				FB7701B125DADC410047E256 /* Resources */,
			);
			buildRules = (
			);
			dependencies = (
			);
			name = TempretureConverterApp;
			productName = TempretureConverterApp;
			productReference = FB7701B325DADC410047E256 /* TempretureConverterApp.app */;
			productType = "com.apple.product-type.application";
		};
/* End PBXNativeTarget section */

/* Begin PBXProject section */
		FB77019225DAD6950047E256 /* Project object */ = {
			isa = PBXProject;
			attributes = {
				LastSwiftUpdateCheck = 1230;
				LastUpgradeCheck = 1230;
				TargetAttributes = {
					FB77019925DAD6950047E256 = {
						CreatedOnToolsVersion = 12.3;
					};
					FB7701B225DADC410047E256 = {
						CreatedOnToolsVersion = 12.3;
					};
				};
			};
			buildConfigurationList = FB77019525DAD6950047E256 /* Build configuration list for PBXProject "CoverterApp" */;
			compatibilityVersion = "Xcode 9.3";
			developmentRegion = en;
			hasScannedForEncodings = 0;
			knownRegions = (
				en,
				Base,
			);
			mainGroup = FB77019125DAD6950047E256;
			productRefGroup = FB77019B25DAD6950047E256 /* Products */;
			projectDirPath = "";
			projectRoot = "";
			targets = (
				FB77019925DAD6950047E256 /* CoverterApp */,
				FB7701B225DADC410047E256 /* TempretureConverterApp */,
			);
		};
/* End PBXProject section */

/* Begin PBXResourcesBuildPhase section */
		FB7701B125DADC410047E256 /* Resources */ = {
			isa = PBXResourcesBuildPhase;
			buildActionMask = 2147483647;
			files = (
				FB7701BD25DADC480047E256 /* Preview Assets.xcassets in Resources */,
				FB7701BA25DADC480047E256 /* Assets.xcassets in Resources */,
			);
			runOnlyForDeploymentPostprocessing = 0;
		};
/* End PBXResourcesBuildPhase section */

/* Begin PBXSourcesBuildPhase section */
		FB77019625DAD6950047E256 /* Sources */ = {
			isa = PBXSourcesBuildPhase;
			buildActionMask = 2147483647;
			files = (
				FB77019E25DAD6950047E256 /* main.swift in Sources */,
				FB7701A625DAD6B80047E256 /* Function.swift in Sources */,
				FB7701A925DAD6D90047E256 /* Enumeration.swift in Sources */,
				FB7701AD25DAD71D0047E256 /* Extension.swift in Sources */,
			);
			runOnlyForDeploymentPostprocessing = 0;
		};
		FB7701AF25DADC410047E256 /* Sources */ = {
			isa = PBXSourcesBuildPhase;
			buildActionMask = 2147483647;
			files = (
				FB7701B825DADC410047E256 /* ContentView.swift in Sources */,
				FB7701B625DADC410047E256 /* TempretureConverterAppApp.swift in Sources */,
				FB7701C525DADC560047E256 /* Function.swift in Sources */,
				FB7701C825DADC600047E256 /* Enumeration.swift in Sources */,
			);
			runOnlyForDeploymentPostprocessing = 0;
		};
/* End PBXSourcesBuildPhase section */

/* Begin XCBuildConfiguration section */
		FB77019F25DAD6950047E256 /* Debug */ = {
			isa = XCBuildConfiguration;
			buildSettings = {
				ALWAYS_SEARCH_USER_PATHS = NO;
				CLANG_ANALYZER_NONNULL = YES;
				CLANG_ANALYZER_NUMBER_OBJECT_CONVERSION = YES_AGGRESSIVE;
				CLANG_CXX_LANGUAGE_STANDARD = "gnu++14";
				CLANG_CXX_LIBRARY = "libc++";
				CLANG_ENABLE_MODULES = YES;
				CLANG_ENABLE_OBJC_ARC = YES;
				CLANG_ENABLE_OBJC_WEAK = YES;
				CLANG_WARN_BLOCK_CAPTURE_AUTORELEASING = YES;
				CLANG_WARN_BOOL_CONVERSION = YES;
				CLANG_WARN_COMMA = YES;
				CLANG_WARN_CONSTANT_CONVERSION = YES;
				CLANG_WARN_DEPRECATED_OBJC_IMPLEMENTATIONS = YES;
				CLANG_WARN_DIRECT_OBJC_ISA_USAGE = YES_ERROR;
				CLANG_WARN_DOCUMENTATION_COMMENTS = YES;
				CLANG_WARN_EMPTY_BODY = YES;
				CLANG_WARN_ENUM_CONVERSION = YES;
				CLANG_WARN_INFINITE_RECURSION = YES;
				CLANG_WARN_INT_CONVERSION = YES;
				CLANG_WARN_NON_LITERAL_NULL_CONVERSION = YES;
				CLANG_WARN_OBJC_IMPLICIT_RETAIN_SELF = YES;
				CLANG_WARN_OBJC_LITERAL_CONVERSION = YES;
				CLANG_WARN_OBJC_ROOT_CLASS = YES_ERROR;
				CLANG_WARN_QUOTED_INCLUDE_IN_FRAMEWORK_HEADER = YES;
				CLANG_WARN_RANGE_LOOP_ANALYSIS = YES;
				CLANG_WARN_STRICT_PROTOTYPES = YES;
				CLANG_WARN_SUSPICIOUS_MOVE = YES;
				CLANG_WARN_UNGUARDED_AVAILABILITY = YES_AGGRESSIVE;
				CLANG_WARN_UNREACHABLE_CODE = YES;
				CLANG_WARN__DUPLICATE_METHOD_MATCH = YES;
				COPY_PHASE_STRIP = NO;
				DEBUG_INFORMATION_FORMAT = dwarf;
				ENABLE_STRICT_OBJC_MSGSEND = YES;
				ENABLE_TESTABILITY = YES;
				GCC_C_LANGUAGE_STANDARD = gnu11;
				GCC_DYNAMIC_NO_PIC = NO;
				GCC_NO_COMMON_BLOCKS = YES;
				GCC_OPTIMIZATION_LEVEL = 0;
				GCC_PREPROCESSOR_DEFINITIONS = (
					"DEBUG=1",
					"$(inherited)",
				);
				GCC_WARN_64_TO_32_BIT_CONVERSION = YES;
				GCC_WARN_ABOUT_RETURN_TYPE = YES_ERROR;
				GCC_WARN_UNDECLARED_SELECTOR = YES;
				GCC_WARN_UNINITIALIZED_AUTOS = YES_AGGRESSIVE;
				GCC_WARN_UNUSED_FUNCTION = YES;
				GCC_WARN_UNUSED_VARIABLE = YES;
				MACOSX_DEPLOYMENT_TARGET = 10.15;
				MTL_ENABLE_DEBUG_INFO = INCLUDE_SOURCE;
				MTL_FAST_MATH = YES;
				ONLY_ACTIVE_ARCH = YES;
				SDKROOT = macosx;
				SWIFT_ACTIVE_COMPILATION_CONDITIONS = DEBUG;
				SWIFT_OPTIMIZATION_LEVEL = "-Onone";
			};
			name = Debug;
		};
		FB7701A025DAD6950047E256 /* Release */ = {
			isa = XCBuildConfiguration;
			buildSettings = {
				ALWAYS_SEARCH_USER_PATHS = NO;
				CLANG_ANALYZER_NONNULL = YES;
				CLANG_ANALYZER_NUMBER_OBJECT_CONVERSION = YES_AGGRESSIVE;
				CLANG_CXX_LANGUAGE_STANDARD = "gnu++14";
				CLANG_CXX_LIBRARY = "libc++";
				CLANG_ENABLE_MODULES = YES;
				CLANG_ENABLE_OBJC_ARC = YES;
				CLANG_ENABLE_OBJC_WEAK = YES;
				CLANG_WARN_BLOCK_CAPTURE_AUTORELEASING = YES;
				CLANG_WARN_BOOL_CONVERSION = YES;
				CLANG_WARN_COMMA = YES;
				CLANG_WARN_CONSTANT_CONVERSION = YES;
				CLANG_WARN_DEPRECATED_OBJC_IMPLEMENTATIONS = YES;
				CLANG_WARN_DIRECT_OBJC_ISA_USAGE = YES_ERROR;
				CLANG_WARN_DOCUMENTATION_COMMENTS = YES;
				CLANG_WARN_EMPTY_BODY = YES;
				CLANG_WARN_ENUM_CONVERSION = YES;
				CLANG_WARN_INFINITE_RECURSION = YES;
				CLANG_WARN_INT_CONVERSION = YES;
				CLANG_WARN_NON_LITERAL_NULL_CONVERSION = YES;
				CLANG_WARN_OBJC_IMPLICIT_RETAIN_SELF = YES;
				CLANG_WARN_OBJC_LITERAL_CONVERSION = YES;
				CLANG_WARN_OBJC_ROOT_CLASS = YES_ERROR;
				CLANG_WARN_QUOTED_INCLUDE_IN_FRAMEWORK_HEADER = YES;
				CLANG_WARN_RANGE_LOOP_ANALYSIS = YES;
				CLANG_WARN_STRICT_PROTOTYPES = YES;
				CLANG_WARN_SUSPICIOUS_MOVE = YES;
				CLANG_WARN_UNGUARDED_AVAILABILITY = YES_AGGRESSIVE;
				CLANG_WARN_UNREACHABLE_CODE = YES;
				CLANG_WARN__DUPLICATE_METHOD_MATCH = YES;
				COPY_PHASE_STRIP = NO;
				DEBUG_INFORMATION_FORMAT = "dwarf-with-dsym";
				ENABLE_NS_ASSERTIONS = NO;
				ENABLE_STRICT_OBJC_MSGSEND = YES;
				GCC_C_LANGUAGE_STANDARD = gnu11;
				GCC_NO_COMMON_BLOCKS = YES;
				GCC_WARN_64_TO_32_BIT_CONVERSION = YES;
				GCC_WARN_ABOUT_RETURN_TYPE = YES_ERROR;
				GCC_WARN_UNDECLARED_SELECTOR = YES;
				GCC_WARN_UNINITIALIZED_AUTOS = YES_AGGRESSIVE;
				GCC_WARN_UNUSED_FUNCTION = YES;
				GCC_WARN_UNUSED_VARIABLE = YES;
				MACOSX_DEPLOYMENT_TARGET = 10.15;
				MTL_ENABLE_DEBUG_INFO = NO;
				MTL_FAST_MATH = YES;
				SDKROOT = macosx;
				SWIFT_COMPILATION_MODE = wholemodule;
				SWIFT_OPTIMIZATION_LEVEL = "-O";
			};
			name = Release;
		};
		FB7701A225DAD6950047E256 /* Debug */ = {
			isa = XCBuildConfiguration;
			buildSettings = {
				CODE_SIGN_STYLE = Automatic;
				DEVELOPMENT_TEAM = MVTMGC7XMB;
				ENABLE_HARDENED_RUNTIME = YES;
				PRODUCT_NAME = "$(TARGET_NAME)";
				SWIFT_VERSION = 5.0;
			};
			name = Debug;
		};
		FB7701A325DAD6950047E256 /* Release */ = {
			isa = XCBuildConfiguration;
			buildSettings = {
				CODE_SIGN_STYLE = Automatic;
				DEVELOPMENT_TEAM = MVTMGC7XMB;
				ENABLE_HARDENED_RUNTIME = YES;
				PRODUCT_NAME = "$(TARGET_NAME)";
				SWIFT_VERSION = 5.0;
			};
			name = Release;
		};
		FB7701C125DADC480047E256 /* Debug */ = {
			isa = XCBuildConfiguration;
			buildSettings = {
				ASSETCATALOG_COMPILER_APPICON_NAME = AppIcon;
				ASSETCATALOG_COMPILER_GLOBAL_ACCENT_COLOR_NAME = AccentColor;
				CODE_SIGN_ENTITLEMENTS = TempretureConverterApp/TempretureConverterApp.entitlements;
				CODE_SIGN_STYLE = Automatic;
				COMBINE_HIDPI_IMAGES = YES;
				DEVELOPMENT_ASSET_PATHS = "\"TempretureConverterApp/Preview Content\"";
				DEVELOPMENT_TEAM = MVTMGC7XMB;
				ENABLE_HARDENED_RUNTIME = YES;
				ENABLE_PREVIEWS = YES;
				INFOPLIST_FILE = TempretureConverterApp/Info.plist;
				LD_RUNPATH_SEARCH_PATHS = (
					"$(inherited)",
					"@executable_path/../Frameworks",
				);
				MACOSX_DEPLOYMENT_TARGET = 11.0;
				PRODUCT_BUNDLE_IDENTIFIER = ca.stevenzhang.TempretureConverterApp;
				PRODUCT_NAME = "$(TARGET_NAME)";
				SWIFT_VERSION = 5.0;
			};
			name = Debug;
		};
		FB7701C225DADC480047E256 /* Release */ = {
			isa = XCBuildConfiguration;
			buildSettings = {
				ASSETCATALOG_COMPILER_APPICON_NAME = AppIcon;
				ASSETCATALOG_COMPILER_GLOBAL_ACCENT_COLOR_NAME = AccentColor;
				CODE_SIGN_ENTITLEMENTS = TempretureConverterApp/TempretureConverterApp.entitlements;
				CODE_SIGN_STYLE = Automatic;
				COMBINE_HIDPI_IMAGES = YES;
				DEVELOPMENT_ASSET_PATHS = "\"TempretureConverterApp/Preview Content\"";
				DEVELOPMENT_TEAM = MVTMGC7XMB;
				ENABLE_HARDENED_RUNTIME = YES;
				ENABLE_PREVIEWS = YES;
				INFOPLIST_FILE = TempretureConverterApp/Info.plist;
				LD_RUNPATH_SEARCH_PATHS = (
					"$(inherited)",
					"@executable_path/../Frameworks",
				);
				MACOSX_DEPLOYMENT_TARGET = 11.0;
				PRODUCT_BUNDLE_IDENTIFIER = ca.stevenzhang.TempretureConverterApp;
				PRODUCT_NAME = "$(TARGET_NAME)";
				SWIFT_VERSION = 5.0;
			};
			name = Release;
		};
/* End XCBuildConfiguration section */

/* Begin XCConfigurationList section */
		FB77019525DAD6950047E256 /* Build configuration list for PBXProject "CoverterApp" */ = {
			isa = XCConfigurationList;
			buildConfigurations = (
				FB77019F25DAD6950047E256 /* Debug */,
				FB7701A025DAD6950047E256 /* Release */,
			);
			defaultConfigurationIsVisible = 0;
			defaultConfigurationName = Release;
		};
		FB7701A125DAD6950047E256 /* Build configuration list for PBXNativeTarget "CoverterApp" */ = {
			isa = XCConfigurationList;
			buildConfigurations = (
				FB7701A225DAD6950047E256 /* Debug */,
				FB7701A325DAD6950047E256 /* Release */,
			);
			defaultConfigurationIsVisible = 0;
			defaultConfigurationName = Release;
		};
		FB7701C025DADC480047E256 /* Build configuration list for PBXNativeTarget "TempretureConverterApp" */ = {
			isa = XCConfigurationList;
			buildConfigurations = (
				FB7701C125DADC480047E256 /* Debug */,
				FB7701C225DADC480047E256 /* Release */,
			);
			defaultConfigurationIsVisible = 0;
			defaultConfigurationName = Release;
		};
/* End XCConfigurationList section */
	};
	rootObject = FB77019225DAD6950047E256 /* Project object */;
}
